
Microsoft Visual Studio Solution File, Format Version 12.00
# Visual Studio Version 17
VisualStudioVersion = 17.6.33815.320
MinimumVisualStudioVersion = 10.0.40219.1
Project("{9A19103F-16F7-4668-BE54-9A1E7A4F7556}") = "RedOrb", "RedOrb\RedOrb.csproj", "{8FF06A04-79E1-4A65-916B-D937DB3400BC}"
EndProject
Project("{FAE04EC0-301F-11D3-BF4B-00C04F79EFBC}") = "PostgresSample", "..\test\PostgresSample\PostgresSample.csproj", "{23113F93-F1A5-44C8-AB24-62E83CD21F76}"
EndProject
Global
	GlobalSection(SolutionConfigurationPlatforms) = preSolution
		Debug|Any CPU = Debug|Any CPU
		Release|Any CPU = Release|Any CPU
	EndGlobalSection
	GlobalSection(ProjectConfigurationPlatforms) = postSolution
		{8FF06A04-79E1-4A65-916B-D937DB3400BC}.Debug|Any CPU.ActiveCfg = Debug|Any CPU
		{8FF06A04-79E1-4A65-916B-D937DB3400BC}.Debug|Any CPU.Build.0 = Debug|Any CPU
		{8FF06A04-79E1-4A65-916B-D937DB3400BC}.Release|Any CPU.ActiveCfg = Release|Any CPU
		{8FF06A04-79E1-4A65-916B-D937DB3400BC}.Release|Any CPU.Build.0 = Release|Any CPU
		{23113F93-F1A5-44C8-AB24-62E83CD21F76}.Debug|Any CPU.ActiveCfg = Debug|Any CPU
		{23113F93-F1A5-44C8-AB24-62E83CD21F76}.Debug|Any CPU.Build.0 = Debug|Any CPU
		{23113F93-F1A5-44C8-AB24-62E83CD21F76}.Release|Any CPU.ActiveCfg = Release|Any CPU
		{23113F93-F1A5-44C8-AB24-62E83CD21F76}.Release|Any CPU.Build.0 = Release|Any CPU
	EndGlobalSection
	GlobalSection(SolutionProperties) = preSolution
		HideSolutionNode = FALSE
	EndGlobalSection
	GlobalSection(ExtensibilityGlobals) = postSolution
		SolutionGuid = {EE9B827E-15FD-4509-B85A-EE67FA0D2B2E}
	EndGlobalSection
EndGlobal
